
Microsoft Visual Studio Solution File, Format Version 12.00
# Visual Studio Version 16
VisualStudioVersion = 16.0.29926.136
MinimumVisualStudioVersion = 10.0.40219.1
Project("{9A19103F-16F7-4668-BE54-9A1E7A4F7556}") = "MaterialDesignTemplate", "MaterialDesignTemplate\MaterialDesignTemplate.csproj", "{818F3B89-46E7-4483-A2C4-939A81FA1C89}"
EndProject
Global
	GlobalSection(SolutionConfigurationPlatforms) = preSolution
		Debug|Any CPU = Debug|Any CPU
		Release|Any CPU = Release|Any CPU
	EndGlobalSection
	GlobalSection(ProjectConfigurationPlatforms) = postSolution
		{818F3B89-46E7-4483-A2C4-939A81FA1C89}.Debug|Any CPU.ActiveCfg = Debug|Any CPU
		{818F3B89-46E7-4483-A2C4-939A81FA1C89}.Debug|Any CPU.Build.0 = Debug|Any CPU
		{818F3B89-46E7-4483-A2C4-939A81FA1C89}.Release|Any CPU.ActiveCfg = Release|Any CPU
		{818F3B89-46E7-4483-A2C4-939A81FA1C89}.Release|Any CPU.Build.0 = Release|Any CPU
	EndGlobalSection
	GlobalSection(SolutionProperties) = preSolution
		HideSolutionNode = FALSE
	EndGlobalSection
	GlobalSection(ExtensibilityGlobals) = postSolution
		SolutionGuid = {C268BE88-05A2-44E2-8F04-07C42E4BB9D8}
	EndGlobalSection
EndGlobal
